
Microsoft Visual Studio Solution File, Format Version 12.00
# Visual Studio Version 16
VisualStudioVersion = 16.0.30002.166
MinimumVisualStudioVersion = 10.0.40219.1
Project("{FAE04EC0-301F-11D3-BF4B-00C04F79EFBC}") = "DownloadMerger", "DownloadMerger\DownloadMerger.csproj", "{4F738600-5A5F-4EC3-85A8-385D37B7C910}"
EndProject
Global
	GlobalSection(SolutionConfigurationPlatforms) = preSolution
		Debug|Any CPU = Debug|Any CPU
		Release|Any CPU = Release|Any CPU
	EndGlobalSection
	GlobalSection(ProjectConfigurationPlatforms) = postSolution
		{4F738600-5A5F-4EC3-85A8-385D37B7C910}.Debug|Any CPU.ActiveCfg = Debug|Any CPU
		{4F738600-5A5F-4EC3-85A8-385D37B7C910}.Debug|Any CPU.Build.0 = Debug|Any CPU
		{4F738600-5A5F-4EC3-85A8-385D37B7C910}.Release|Any CPU.ActiveCfg = Release|Any CPU
		{4F738600-5A5F-4EC3-85A8-385D37B7C910}.Release|Any CPU.Build.0 = Release|Any CPU
	EndGlobalSection
	GlobalSection(SolutionProperties) = preSolution
		HideSolutionNode = FALSE
	EndGlobalSection
	GlobalSection(ExtensibilityGlobals) = postSolution
		SolutionGuid = {90923531-F22C-41FB-BD75-B8FFBDA49501}
	EndGlobalSection
EndGlobal
